Microsoft Visual Studio Solution File, Format Version 12.00
# Visual Studio Version 17
VisualStudioVersion = 17.13.35825.156
MinimumVisualStudioVersion = 10.0.40219.1
Project("{FAE04EC0-301F-11D3-BF4B-00C04F79EFBC}") = "LongRunningApi", "LongRunningApi\LongRunningApi.csproj", "{DB18CB5F-E913-4BA4-86EB-6E6CA2376605}"
EndProject
Project("{2150E333-8FDC-42A3-9474-1A3956D46DE8}") = "server", "server", "{02EA681E-C7D8-13C7-8484-4AC65E1B71E8}"
EndProject
Project("{E53339B2-1760-4266-BCC7-CA923CBCF16C}") = "docker-compose", "docker-compose.dcproj", "{81DDED9D-158B-E303-5F62-77A2896D2A5A}"
EndProject
Project("{2150E333-8FDC-42A3-9474-1A3956D46DE8}") = "client", "client", "{6F8C6E9D-87A6-41FE-B0A6-B12007FEEBA2}"
EndProject
Project("{FAE04EC0-301F-11D3-BF4B-00C04F79EFBC}") = "LongRunningClient", "LongRunningClient\LongRunningClient.csproj", "{6E083788-6994-4587-955D-C92E2632BCBC}"
EndProject
Global
	GlobalSection(SolutionConfigurationPlatforms) = preSolution
		Debug|Any CPU = Debug|Any CPU
		Release|Any CPU = Release|Any CPU
	EndGlobalSection
	GlobalSection(ProjectConfigurationPlatforms) = postSolution
		{DB18CB5F-E913-4BA4-86EB-6E6CA2376605}.Debug|Any CPU.ActiveCfg = Debug|Any CPU
		{DB18CB5F-E913-4BA4-86EB-6E6CA2376605}.Debug|Any CPU.Build.0 = Debug|Any CPU
		{DB18CB5F-E913-4BA4-86EB-6E6CA2376605}.Release|Any CPU.ActiveCfg = Release|Any CPU
		{DB18CB5F-E913-4BA4-86EB-6E6CA2376605}.Release|Any CPU.Build.0 = Release|Any CPU
		{81DDED9D-158B-E303-5F62-77A2896D2A5A}.Debug|Any CPU.ActiveCfg = Debug|Any CPU
		{81DDED9D-158B-E303-5F62-77A2896D2A5A}.Debug|Any CPU.Build.0 = Debug|Any CPU
		{81DDED9D-158B-E303-5F62-77A2896D2A5A}.Release|Any CPU.ActiveCfg = Release|Any CPU
		{81DDED9D-158B-E303-5F62-77A2896D2A5A}.Release|Any CPU.Build.0 = Release|Any CPU
		{6E083788-6994-4587-955D-C92E2632BCBC}.Debug|Any CPU.ActiveCfg = Debug|Any CPU
		{6E083788-6994-4587-955D-C92E2632BCBC}.Debug|Any CPU.Build.0 = Debug|Any CPU
		{6E083788-6994-4587-955D-C92E2632BCBC}.Release|Any CPU.ActiveCfg = Release|Any CPU
		{6E083788-6994-4587-955D-C92E2632BCBC}.Release|Any CPU.Build.0 = Release|Any CPU
	EndGlobalSection
	GlobalSection(SolutionProperties) = preSolution
		HideSolutionNode = FALSE
	EndGlobalSection
	GlobalSection(NestedProjects) = preSolution
		{DB18CB5F-E913-4BA4-86EB-6E6CA2376605} = {02EA681E-C7D8-13C7-8484-4AC65E1B71E8}
		{81DDED9D-158B-E303-5F62-77A2896D2A5A} = {02EA681E-C7D8-13C7-8484-4AC65E1B71E8}
		{6E083788-6994-4587-955D-C92E2632BCBC} = {6F8C6E9D-87A6-41FE-B0A6-B12007FEEBA2}
	EndGlobalSection
	GlobalSection(ExtensibilityGlobals) = postSolution
		SolutionGuid = {1B748DDD-B40A-497B-9259-FB0BF021AE04}
	EndGlobalSection
EndGlobal
