
Microsoft Visual Studio Solution File, Format Version 12.00
# Visual Studio Version 17
VisualStudioVersion = 17.14.36327.8 d17.14
MinimumVisualStudioVersion = 10.0.40219.1
Project("{FAE04EC0-301F-11D3-BF4B-00C04F79EFBC}") = "WebApi", "WebApi\WebApi.csproj", "{599103F8-6EF0-4003-ADF8-52DE7123299D}"
EndProject
Project("{FAE04EC0-301F-11D3-BF4B-00C04F79EFBC}") = "AspireNewFeatures.AppHost", "AspireNewFeatures.AppHost\AspireNewFeatures.AppHost.csproj", "{6237D3C5-C796-4BAE-BC27-FAD79F1577C7}"
EndProject
Project("{FAE04EC0-301F-11D3-BF4B-00C04F79EFBC}") = "AspireNewFeatures.ServiceDefaults", "AspireNewFeatures.ServiceDefaults\AspireNewFeatures.ServiceDefaults.csproj", "{415E6C47-ADCC-647C-F7DE-451BC4D3D65E}"
EndProject
Global
	GlobalSection(SolutionConfigurationPlatforms) = preSolution
		Debug|Any CPU = Debug|Any CPU
		Release|Any CPU = Release|Any CPU
	EndGlobalSection
	GlobalSection(ProjectConfigurationPlatforms) = postSolution
		{599103F8-6EF0-4003-ADF8-52DE7123299D}.Debug|Any CPU.ActiveCfg = Debug|Any CPU
		{599103F8-6EF0-4003-ADF8-52DE7123299D}.Debug|Any CPU.Build.0 = Debug|Any CPU
		{599103F8-6EF0-4003-ADF8-52DE7123299D}.Release|Any CPU.ActiveCfg = Release|Any CPU
		{599103F8-6EF0-4003-ADF8-52DE7123299D}.Release|Any CPU.Build.0 = Release|Any CPU
		{6237D3C5-C796-4BAE-BC27-FAD79F1577C7}.Debug|Any CPU.ActiveCfg = Debug|Any CPU
		{6237D3C5-C796-4BAE-BC27-FAD79F1577C7}.Debug|Any CPU.Build.0 = Debug|Any CPU
		{6237D3C5-C796-4BAE-BC27-FAD79F1577C7}.Release|Any CPU.ActiveCfg = Release|Any CPU
		{6237D3C5-C796-4BAE-BC27-FAD79F1577C7}.Release|Any CPU.Build.0 = Release|Any CPU
		{415E6C47-ADCC-647C-F7DE-451BC4D3D65E}.Debug|Any CPU.ActiveCfg = Debug|Any CPU
		{415E6C47-ADCC-647C-F7DE-451BC4D3D65E}.Debug|Any CPU.Build.0 = Debug|Any CPU
		{415E6C47-ADCC-647C-F7DE-451BC4D3D65E}.Release|Any CPU.ActiveCfg = Release|Any CPU
		{415E6C47-ADCC-647C-F7DE-451BC4D3D65E}.Release|Any CPU.Build.0 = Release|Any CPU
	EndGlobalSection
	GlobalSection(SolutionProperties) = preSolution
		HideSolutionNode = FALSE
	EndGlobalSection
	GlobalSection(ExtensibilityGlobals) = postSolution
		SolutionGuid = {4E8389FD-D2A3-4147-B0D2-3074CD84A386}
	EndGlobalSection
EndGlobal
