Microsoft Visual Studio Solution File, Format Version 12.00
# Visual Studio Version 17
VisualStudioVersion = 17.5.2.0
MinimumVisualStudioVersion = 10.0.40219.1
Project("{FAE04EC0-301F-11D3-BF4B-00C04F79EFBC}") = "AppreciateAppApi", "AppreciateAppApi.csproj", "{0CBE41DE-DEEA-855C-BF4C-5925577BB209}"
EndProject
Global
	GlobalSection(SolutionConfigurationPlatforms) = preSolution
		Debug|Any CPU = Debug|Any CPU
		Release|Any CPU = Release|Any CPU
	EndGlobalSection
	GlobalSection(ProjectConfigurationPlatforms) = postSolution
		{0CBE41DE-DEEA-855C-BF4C-5925577BB209}.Debug|Any CPU.ActiveCfg = Debug|Any CPU
		{0CBE41DE-DEEA-855C-BF4C-5925577BB209}.Debug|Any CPU.Build.0 = Debug|Any CPU
		{0CBE41DE-DEEA-855C-BF4C-5925577BB209}.Release|Any CPU.ActiveCfg = Release|Any CPU
		{0CBE41DE-DEEA-855C-BF4C-5925577BB209}.Release|Any CPU.Build.0 = Release|Any CPU
	EndGlobalSection
	GlobalSection(SolutionProperties) = preSolution
		HideSolutionNode = FALSE
	EndGlobalSection
	GlobalSection(ExtensibilityGlobals) = postSolution
		SolutionGuid = {85B2C45A-0221-440D-9005-2C5FF02B7A97}
	EndGlobalSection
EndGlobal
