
Microsoft Visual Studio Solution File, Format Version 12.00
# Visual Studio Version 17
VisualStudioVersion = 17.12.35527.113 d17.12
MinimumVisualStudioVersion = 10.0.40219.1
Project("{FAE04EC0-301F-11D3-BF4B-00C04F79EFBC}") = "Orders.Api", "Orders.Api\Orders.Api.csproj", "{DD21FED4-19F6-46AC-8C18-8E57305082BA}"
EndProject
Project("{FAE04EC0-301F-11D3-BF4B-00C04F79EFBC}") = "Reporting.Api", "Reporting.Api\Reporting.Api.csproj", "{B6AE4CF2-2411-41ED-B7A8-41EA8468E8E0}"
EndProject
Project("{FAE04EC0-301F-11D3-BF4B-00C04F79EFBC}") = "Contracts", "Contracts\Contracts.csproj", "{E55709E6-2D41-4D00-B4B8-ACAE8A1DCD6C}"
EndProject
Project("{E53339B2-1760-4266-BCC7-CA923CBCF16C}") = "docker-compose", "docker-compose.dcproj", "{17E2A93E-B599-4CBA-85C2-1BACED4FDBE2}"
EndProject
Global
	GlobalSection(SolutionConfigurationPlatforms) = preSolution
		Debug|Any CPU = Debug|Any CPU
		Release|Any CPU = Release|Any CPU
	EndGlobalSection
	GlobalSection(ProjectConfigurationPlatforms) = postSolution
		{DD21FED4-19F6-46AC-8C18-8E57305082BA}.Debug|Any CPU.ActiveCfg = Debug|Any CPU
		{DD21FED4-19F6-46AC-8C18-8E57305082BA}.Debug|Any CPU.Build.0 = Debug|Any CPU
		{DD21FED4-19F6-46AC-8C18-8E57305082BA}.Release|Any CPU.ActiveCfg = Release|Any CPU
		{DD21FED4-19F6-46AC-8C18-8E57305082BA}.Release|Any CPU.Build.0 = Release|Any CPU
		{B6AE4CF2-2411-41ED-B7A8-41EA8468E8E0}.Debug|Any CPU.ActiveCfg = Debug|Any CPU
		{B6AE4CF2-2411-41ED-B7A8-41EA8468E8E0}.Debug|Any CPU.Build.0 = Debug|Any CPU
		{B6AE4CF2-2411-41ED-B7A8-41EA8468E8E0}.Release|Any CPU.ActiveCfg = Release|Any CPU
		{B6AE4CF2-2411-41ED-B7A8-41EA8468E8E0}.Release|Any CPU.Build.0 = Release|Any CPU
		{E55709E6-2D41-4D00-B4B8-ACAE8A1DCD6C}.Debug|Any CPU.ActiveCfg = Debug|Any CPU
		{E55709E6-2D41-4D00-B4B8-ACAE8A1DCD6C}.Debug|Any CPU.Build.0 = Debug|Any CPU
		{E55709E6-2D41-4D00-B4B8-ACAE8A1DCD6C}.Release|Any CPU.ActiveCfg = Release|Any CPU
		{E55709E6-2D41-4D00-B4B8-ACAE8A1DCD6C}.Release|Any CPU.Build.0 = Release|Any CPU
		{17E2A93E-B599-4CBA-85C2-1BACED4FDBE2}.Debug|Any CPU.ActiveCfg = Debug|Any CPU
		{17E2A93E-B599-4CBA-85C2-1BACED4FDBE2}.Debug|Any CPU.Build.0 = Debug|Any CPU
		{17E2A93E-B599-4CBA-85C2-1BACED4FDBE2}.Release|Any CPU.ActiveCfg = Release|Any CPU
		{17E2A93E-B599-4CBA-85C2-1BACED4FDBE2}.Release|Any CPU.Build.0 = Release|Any CPU
	EndGlobalSection
	GlobalSection(SolutionProperties) = preSolution
		HideSolutionNode = FALSE
	EndGlobalSection
EndGlobal
