
Microsoft Visual Studio Solution File, Format Version 12.00
# Visual Studio Version 17
VisualStudioVersion = 17.12.35527.113 d17.12
MinimumVisualStudioVersion = 10.0.40219.1
Project("{FAE04EC0-301F-11D3-BF4B-00C04F79EFBC}") = "Aspire.Redis.HybridCache", "Aspire.Redis.HybridCache\Aspire.Redis.HybridCache.csproj", "{862469F4-ABC3-4215-814E-DC6FE5B6AF98}"
EndProject
Project("{FAE04EC0-301F-11D3-BF4B-00C04F79EFBC}") = "Aspire.Redis.HybridCacheApp.AppHost", "Aspire.Redis.HybridCacheApp.AppHost\Aspire.Redis.HybridCacheApp.AppHost.csproj", "{D28CD8E2-20B9-42FA-98CD-F8A2F4D4CB7D}"
EndProject
Project("{FAE04EC0-301F-11D3-BF4B-00C04F79EFBC}") = "Aspire.Redis.HybridCacheApp.ServiceDefaults", "Aspire.Redis.HybridCacheApp.ServiceDefaults\Aspire.Redis.HybridCacheApp.ServiceDefaults.csproj", "{00743CB4-C423-421F-ACE3-BFE90D4646CF}"
EndProject
Global
	GlobalSection(SolutionConfigurationPlatforms) = preSolution
		Debug|Any CPU = Debug|Any CPU
		Release|Any CPU = Release|Any CPU
	EndGlobalSection
	GlobalSection(ProjectConfigurationPlatforms) = postSolution
		{862469F4-ABC3-4215-814E-DC6FE5B6AF98}.Debug|Any CPU.ActiveCfg = Debug|Any CPU
		{862469F4-ABC3-4215-814E-DC6FE5B6AF98}.Debug|Any CPU.Build.0 = Debug|Any CPU
		{862469F4-ABC3-4215-814E-DC6FE5B6AF98}.Release|Any CPU.ActiveCfg = Release|Any CPU
		{862469F4-ABC3-4215-814E-DC6FE5B6AF98}.Release|Any CPU.Build.0 = Release|Any CPU
		{D28CD8E2-20B9-42FA-98CD-F8A2F4D4CB7D}.Debug|Any CPU.ActiveCfg = Debug|Any CPU
		{D28CD8E2-20B9-42FA-98CD-F8A2F4D4CB7D}.Debug|Any CPU.Build.0 = Debug|Any CPU
		{D28CD8E2-20B9-42FA-98CD-F8A2F4D4CB7D}.Release|Any CPU.ActiveCfg = Release|Any CPU
		{D28CD8E2-20B9-42FA-98CD-F8A2F4D4CB7D}.Release|Any CPU.Build.0 = Release|Any CPU
		{00743CB4-C423-421F-ACE3-BFE90D4646CF}.Debug|Any CPU.ActiveCfg = Debug|Any CPU
		{00743CB4-C423-421F-ACE3-BFE90D4646CF}.Debug|Any CPU.Build.0 = Debug|Any CPU
		{00743CB4-C423-421F-ACE3-BFE90D4646CF}.Release|Any CPU.ActiveCfg = Release|Any CPU
		{00743CB4-C423-421F-ACE3-BFE90D4646CF}.Release|Any CPU.Build.0 = Release|Any CPU
	EndGlobalSection
	GlobalSection(SolutionProperties) = preSolution
		HideSolutionNode = FALSE
	EndGlobalSection
EndGlobal
