
Microsoft Visual Studio Solution File, Format Version 12.00
# Visual Studio Version 17
VisualStudioVersion = 17.12.35707.178 d17.12
MinimumVisualStudioVersion = 10.0.40219.1
Project("{FAE04EC0-301F-11D3-BF4B-00C04F79EFBC}") = "EShop.OrderServiceApi", "EShop.OrderServiceApi\EShop.OrderServiceApi.csproj", "{CB8A2A15-FD9F-43A2-A273-B2DE412487C6}"
EndProject
Project("{FAE04EC0-301F-11D3-BF4B-00C04F79EFBC}") = "Dapr.Introduction.AppHost", "DAPR.Introduction.AppHost\Dapr.Introduction.AppHost.csproj", "{08A4D1A5-64AA-4EC6-B2EE-E9917F0D3CD4}"
EndProject
Project("{FAE04EC0-301F-11D3-BF4B-00C04F79EFBC}") = "Dapr.Introduction.ServiceDefaults", "DAPR.Introduction.ServiceDefaults\Dapr.Introduction.ServiceDefaults.csproj", "{7A6C5D8E-967C-4B78-9912-87387CE5C41D}"
EndProject
Project("{FAE04EC0-301F-11D3-BF4B-00C04F79EFBC}") = "Eshop.CheckoutServiceApi", "Eshop.CheckoutServiceApi\Eshop.CheckoutServiceApi.csproj", "{155841B0-61D6-4D42-93DD-B3F369547A5C}"
EndProject
Global
	GlobalSection(SolutionConfigurationPlatforms) = preSolution
		Debug|Any CPU = Debug|Any CPU
		Release|Any CPU = Release|Any CPU
	EndGlobalSection
	GlobalSection(ProjectConfigurationPlatforms) = postSolution
		{CB8A2A15-FD9F-43A2-A273-B2DE412487C6}.Debug|Any CPU.ActiveCfg = Debug|Any CPU
		{CB8A2A15-FD9F-43A2-A273-B2DE412487C6}.Debug|Any CPU.Build.0 = Debug|Any CPU
		{CB8A2A15-FD9F-43A2-A273-B2DE412487C6}.Release|Any CPU.ActiveCfg = Release|Any CPU
		{CB8A2A15-FD9F-43A2-A273-B2DE412487C6}.Release|Any CPU.Build.0 = Release|Any CPU
		{08A4D1A5-64AA-4EC6-B2EE-E9917F0D3CD4}.Debug|Any CPU.ActiveCfg = Debug|Any CPU
		{08A4D1A5-64AA-4EC6-B2EE-E9917F0D3CD4}.Debug|Any CPU.Build.0 = Debug|Any CPU
		{08A4D1A5-64AA-4EC6-B2EE-E9917F0D3CD4}.Release|Any CPU.ActiveCfg = Release|Any CPU
		{08A4D1A5-64AA-4EC6-B2EE-E9917F0D3CD4}.Release|Any CPU.Build.0 = Release|Any CPU
		{7A6C5D8E-967C-4B78-9912-87387CE5C41D}.Debug|Any CPU.ActiveCfg = Debug|Any CPU
		{7A6C5D8E-967C-4B78-9912-87387CE5C41D}.Debug|Any CPU.Build.0 = Debug|Any CPU
		{7A6C5D8E-967C-4B78-9912-87387CE5C41D}.Release|Any CPU.ActiveCfg = Release|Any CPU
		{7A6C5D8E-967C-4B78-9912-87387CE5C41D}.Release|Any CPU.Build.0 = Release|Any CPU
		{155841B0-61D6-4D42-93DD-B3F369547A5C}.Debug|Any CPU.ActiveCfg = Debug|Any CPU
		{155841B0-61D6-4D42-93DD-B3F369547A5C}.Debug|Any CPU.Build.0 = Debug|Any CPU
		{155841B0-61D6-4D42-93DD-B3F369547A5C}.Release|Any CPU.ActiveCfg = Release|Any CPU
		{155841B0-61D6-4D42-93DD-B3F369547A5C}.Release|Any CPU.Build.0 = Release|Any CPU
	EndGlobalSection
	GlobalSection(SolutionProperties) = preSolution
		HideSolutionNode = FALSE
	EndGlobalSection
EndGlobal
