Microsoft Visual Studio Solution File, Format Version 12.00
# Visual Studio Version 17
VisualStudioVersion = 17.5.2.0
MinimumVisualStudioVersion = 10.0.40219.1
Project("{FAE04EC0-301F-11D3-BF4B-00C04F79EFBC}") = "BusinesscardsApi", "BusinesscardsApi.csproj", "{9AA8AB66-F0EC-7411-D411-77B097D8532A}"
EndProject
Global
	GlobalSection(SolutionConfigurationPlatforms) = preSolution
		Debug|Any CPU = Debug|Any CPU
		Release|Any CPU = Release|Any CPU
	EndGlobalSection
	GlobalSection(ProjectConfigurationPlatforms) = postSolution
		{9AA8AB66-F0EC-7411-D411-77B097D8532A}.Debug|Any CPU.ActiveCfg = Debug|Any CPU
		{9AA8AB66-F0EC-7411-D411-77B097D8532A}.Debug|Any CPU.Build.0 = Debug|Any CPU
		{9AA8AB66-F0EC-7411-D411-77B097D8532A}.Release|Any CPU.ActiveCfg = Release|Any CPU
		{9AA8AB66-F0EC-7411-D411-77B097D8532A}.Release|Any CPU.Build.0 = Release|Any CPU
	EndGlobalSection
	GlobalSection(SolutionProperties) = preSolution
		HideSolutionNode = FALSE
	EndGlobalSection
	GlobalSection(ExtensibilityGlobals) = postSolution
		SolutionGuid = {E814F414-7CFB-4B8E-8931-A6021B1EDD48}
	EndGlobalSection
EndGlobal
