
Microsoft Visual Studio Solution File, Format Version 12.00
# Visual Studio Version 17
VisualStudioVersion = 17.8.0.0
MinimumVisualStudioVersion = 17.8.0.0
Project("{9A19103F-16F7-4668-BE54-9A1E7A4F7556}") = "AspirePoC.AppHost", "AspirePoC.AppHost\AspirePoC.AppHost.csproj", "{8BAA4979-D56F-4914-8EB0-09E65CBE2B0A}"
EndProject
Project("{9A19103F-16F7-4668-BE54-9A1E7A4F7556}") = "AspirePoC.ServiceDefaults", "AspirePoC.ServiceDefaults\AspirePoC.ServiceDefaults.csproj", "{550E3E71-3B0D-4238-A7B2-7ADA1460A834}"
EndProject
Project("{9A19103F-16F7-4668-BE54-9A1E7A4F7556}") = "AspirePoC.ApiService", "AspirePoC.ApiService\AspirePoC.ApiService.csproj", "{24167F53-9E42-48BA-B438-B45D7E84092E}"
EndProject
Project("{9A19103F-16F7-4668-BE54-9A1E7A4F7556}") = "AspirePoC.Web", "AspirePoC.Web\AspirePoC.Web.csproj", "{CBA3210F-5560-41E5-9939-07FD89EC96BA}"
EndProject
Project("{FAE04EC0-301F-11D3-BF4B-00C04F79EFBC}") = "AspirePoC.Tests", "AspirePoC.Tests\AspirePoC.Tests.csproj", "{B18BCCCD-EF9E-4EA8-B793-E1E2542B5F40}"
EndProject
Global
	GlobalSection(SolutionConfigurationPlatforms) = preSolution
		Debug|Any CPU = Debug|Any CPU
		Debug|x64 = Debug|x64
		Debug|x86 = Debug|x86
		Release|Any CPU = Release|Any CPU
		Release|x64 = Release|x64
		Release|x86 = Release|x86
	EndGlobalSection
	GlobalSection(ProjectConfigurationPlatforms) = postSolution
		{8BAA4979-D56F-4914-8EB0-09E65CBE2B0A}.Debug|Any CPU.ActiveCfg = Debug|Any CPU
		{8BAA4979-D56F-4914-8EB0-09E65CBE2B0A}.Debug|Any CPU.Build.0 = Debug|Any CPU
		{8BAA4979-D56F-4914-8EB0-09E65CBE2B0A}.Debug|x64.ActiveCfg = Debug|Any CPU
		{8BAA4979-D56F-4914-8EB0-09E65CBE2B0A}.Debug|x64.Build.0 = Debug|Any CPU
		{8BAA4979-D56F-4914-8EB0-09E65CBE2B0A}.Debug|x86.ActiveCfg = Debug|Any CPU
		{8BAA4979-D56F-4914-8EB0-09E65CBE2B0A}.Debug|x86.Build.0 = Debug|Any CPU
		{8BAA4979-D56F-4914-8EB0-09E65CBE2B0A}.Release|Any CPU.ActiveCfg = Release|Any CPU
		{8BAA4979-D56F-4914-8EB0-09E65CBE2B0A}.Release|Any CPU.Build.0 = Release|Any CPU
		{8BAA4979-D56F-4914-8EB0-09E65CBE2B0A}.Release|x64.ActiveCfg = Release|Any CPU
		{8BAA4979-D56F-4914-8EB0-09E65CBE2B0A}.Release|x64.Build.0 = Release|Any CPU
		{8BAA4979-D56F-4914-8EB0-09E65CBE2B0A}.Release|x86.ActiveCfg = Release|Any CPU
		{8BAA4979-D56F-4914-8EB0-09E65CBE2B0A}.Release|x86.Build.0 = Release|Any CPU
		{550E3E71-3B0D-4238-A7B2-7ADA1460A834}.Debug|Any CPU.ActiveCfg = Debug|Any CPU
		{550E3E71-3B0D-4238-A7B2-7ADA1460A834}.Debug|Any CPU.Build.0 = Debug|Any CPU
		{550E3E71-3B0D-4238-A7B2-7ADA1460A834}.Debug|x64.ActiveCfg = Debug|Any CPU
		{550E3E71-3B0D-4238-A7B2-7ADA1460A834}.Debug|x64.Build.0 = Debug|Any CPU
		{550E3E71-3B0D-4238-A7B2-7ADA1460A834}.Debug|x86.ActiveCfg = Debug|Any CPU
		{550E3E71-3B0D-4238-A7B2-7ADA1460A834}.Debug|x86.Build.0 = Debug|Any CPU
		{550E3E71-3B0D-4238-A7B2-7ADA1460A834}.Release|Any CPU.ActiveCfg = Release|Any CPU
		{550E3E71-3B0D-4238-A7B2-7ADA1460A834}.Release|Any CPU.Build.0 = Release|Any CPU
		{550E3E71-3B0D-4238-A7B2-7ADA1460A834}.Release|x64.ActiveCfg = Release|Any CPU
		{550E3E71-3B0D-4238-A7B2-7ADA1460A834}.Release|x64.Build.0 = Release|Any CPU
		{550E3E71-3B0D-4238-A7B2-7ADA1460A834}.Release|x86.ActiveCfg = Release|Any CPU
		{550E3E71-3B0D-4238-A7B2-7ADA1460A834}.Release|x86.Build.0 = Release|Any CPU
		{24167F53-9E42-48BA-B438-B45D7E84092E}.Debug|Any CPU.ActiveCfg = Debug|Any CPU
		{24167F53-9E42-48BA-B438-B45D7E84092E}.Debug|Any CPU.Build.0 = Debug|Any CPU
		{24167F53-9E42-48BA-B438-B45D7E84092E}.Debug|x64.ActiveCfg = Debug|Any CPU
		{24167F53-9E42-48BA-B438-B45D7E84092E}.Debug|x64.Build.0 = Debug|Any CPU
		{24167F53-9E42-48BA-B438-B45D7E84092E}.Debug|x86.ActiveCfg = Debug|Any CPU
		{24167F53-9E42-48BA-B438-B45D7E84092E}.Debug|x86.Build.0 = Debug|Any CPU
		{24167F53-9E42-48BA-B438-B45D7E84092E}.Release|Any CPU.ActiveCfg = Release|Any CPU
		{24167F53-9E42-48BA-B438-B45D7E84092E}.Release|Any CPU.Build.0 = Release|Any CPU
		{24167F53-9E42-48BA-B438-B45D7E84092E}.Release|x64.ActiveCfg = Release|Any CPU
		{24167F53-9E42-48BA-B438-B45D7E84092E}.Release|x64.Build.0 = Release|Any CPU
		{24167F53-9E42-48BA-B438-B45D7E84092E}.Release|x86.ActiveCfg = Release|Any CPU
		{24167F53-9E42-48BA-B438-B45D7E84092E}.Release|x86.Build.0 = Release|Any CPU
		{CBA3210F-5560-41E5-9939-07FD89EC96BA}.Debug|Any CPU.ActiveCfg = Debug|Any CPU
		{CBA3210F-5560-41E5-9939-07FD89EC96BA}.Debug|Any CPU.Build.0 = Debug|Any CPU
		{CBA3210F-5560-41E5-9939-07FD89EC96BA}.Debug|x64.ActiveCfg = Debug|Any CPU
		{CBA3210F-5560-41E5-9939-07FD89EC96BA}.Debug|x64.Build.0 = Debug|Any CPU
		{CBA3210F-5560-41E5-9939-07FD89EC96BA}.Debug|x86.ActiveCfg = Debug|Any CPU
		{CBA3210F-5560-41E5-9939-07FD89EC96BA}.Debug|x86.Build.0 = Debug|Any CPU
		{CBA3210F-5560-41E5-9939-07FD89EC96BA}.Release|Any CPU.ActiveCfg = Release|Any CPU
		{CBA3210F-5560-41E5-9939-07FD89EC96BA}.Release|Any CPU.Build.0 = Release|Any CPU
		{CBA3210F-5560-41E5-9939-07FD89EC96BA}.Release|x64.ActiveCfg = Release|Any CPU
		{CBA3210F-5560-41E5-9939-07FD89EC96BA}.Release|x64.Build.0 = Release|Any CPU
		{CBA3210F-5560-41E5-9939-07FD89EC96BA}.Release|x86.ActiveCfg = Release|Any CPU
		{CBA3210F-5560-41E5-9939-07FD89EC96BA}.Release|x86.Build.0 = Release|Any CPU
		{B18BCCCD-EF9E-4EA8-B793-E1E2542B5F40}.Debug|Any CPU.ActiveCfg = Debug|Any CPU
		{B18BCCCD-EF9E-4EA8-B793-E1E2542B5F40}.Debug|Any CPU.Build.0 = Debug|Any CPU
		{B18BCCCD-EF9E-4EA8-B793-E1E2542B5F40}.Debug|x64.ActiveCfg = Debug|Any CPU
		{B18BCCCD-EF9E-4EA8-B793-E1E2542B5F40}.Debug|x64.Build.0 = Debug|Any CPU
		{B18BCCCD-EF9E-4EA8-B793-E1E2542B5F40}.Debug|x86.ActiveCfg = Debug|Any CPU
		{B18BCCCD-EF9E-4EA8-B793-E1E2542B5F40}.Debug|x86.Build.0 = Debug|Any CPU
		{B18BCCCD-EF9E-4EA8-B793-E1E2542B5F40}.Release|Any CPU.ActiveCfg = Release|Any CPU
		{B18BCCCD-EF9E-4EA8-B793-E1E2542B5F40}.Release|Any CPU.Build.0 = Release|Any CPU
		{B18BCCCD-EF9E-4EA8-B793-E1E2542B5F40}.Release|x64.ActiveCfg = Release|Any CPU
		{B18BCCCD-EF9E-4EA8-B793-E1E2542B5F40}.Release|x64.Build.0 = Release|Any CPU
		{B18BCCCD-EF9E-4EA8-B793-E1E2542B5F40}.Release|x86.ActiveCfg = Release|Any CPU
		{B18BCCCD-EF9E-4EA8-B793-E1E2542B5F40}.Release|x86.Build.0 = Release|Any CPU
	EndGlobalSection
	GlobalSection(SolutionProperties) = preSolution
		HideSolutionNode = FALSE
	EndGlobalSection
	GlobalSection(ExtensibilityGlobals) = postSolution
		SolutionGuid = {E3FF9B69-C4E8-4F51-A360-97546BF1080F}
	EndGlobalSection
EndGlobal
